
Microsoft Visual Studio Solution File, Format Version 12.00
# Visual Studio 15
VisualStudioVersion = 15.0.28307.1433
MinimumVisualStudioVersion = 10.0.40219.1
Project("{FAE04EC0-301F-11D3-BF4B-00C04F79EFBC}") = "DeleteUPC", "DeleteUPC\DeleteUPC.csproj", "{715A8586-928D-4103-9D17-3EA5EC8E0618}"
EndProject
Global
	GlobalSection(SolutionConfigurationPlatforms) = preSolution
		Debug|Any CPU = Debug|Any CPU
		Release|Any CPU = Release|Any CPU
	EndGlobalSection
	GlobalSection(ProjectConfigurationPlatforms) = postSolution
		{715A8586-928D-4103-9D17-3EA5EC8E0618}.Debug|Any CPU.ActiveCfg = Debug|Any CPU
		{715A8586-928D-4103-9D17-3EA5EC8E0618}.Debug|Any CPU.Build.0 = Debug|Any CPU
		{715A8586-928D-4103-9D17-3EA5EC8E0618}.Release|Any CPU.ActiveCfg = Release|Any CPU
		{715A8586-928D-4103-9D17-3EA5EC8E0618}.Release|Any CPU.Build.0 = Release|Any CPU
	EndGlobalSection
	GlobalSection(SolutionProperties) = preSolution
		HideSolutionNode = FALSE
	EndGlobalSection
	GlobalSection(ExtensibilityGlobals) = postSolution
		SolutionGuid = {2B1BAABE-1D27-4856-8EFD-7D616D1407E4}
	EndGlobalSection
EndGlobal
